
Microsoft Visual Studio Solution File, Format Version 12.00
# Visual Studio Version 17
VisualStudioVersion = 17.11.35303.130
MinimumVisualStudioVersion = 10.0.40219.1
Project("{FAE04EC0-301F-11D3-BF4B-00C04F79EFBC}") = "ExamenII", "ExamenII\ExamenII.csproj", "{FA9554CA-8F00-4111-9C71-F3324E3615EB}"
EndProject
Global
	GlobalSection(SolutionConfigurationPlatforms) = preSolution
		Debug|Any CPU = Debug|Any CPU
		Release|Any CPU = Release|Any CPU
	EndGlobalSection
	GlobalSection(ProjectConfigurationPlatforms) = postSolution
		{FA9554CA-8F00-4111-9C71-F3324E3615EB}.Debug|Any CPU.ActiveCfg = Debug|Any CPU
		{FA9554CA-8F00-4111-9C71-F3324E3615EB}.Debug|Any CPU.Build.0 = Debug|Any CPU
		{FA9554CA-8F00-4111-9C71-F3324E3615EB}.Debug|Any CPU.Deploy.0 = Debug|Any CPU
		{FA9554CA-8F00-4111-9C71-F3324E3615EB}.Release|Any CPU.ActiveCfg = Release|Any CPU
		{FA9554CA-8F00-4111-9C71-F3324E3615EB}.Release|Any CPU.Build.0 = Release|Any CPU
		{FA9554CA-8F00-4111-9C71-F3324E3615EB}.Release|Any CPU.Deploy.0 = Release|Any CPU
	EndGlobalSection
	GlobalSection(SolutionProperties) = preSolution
		HideSolutionNode = FALSE
	EndGlobalSection
	GlobalSection(ExtensibilityGlobals) = postSolution
		SolutionGuid = {A6FF69EE-439D-4A12-A593-D11F8C0388A7}
	EndGlobalSection
EndGlobal
